
Microsoft Visual Studio Solution File, Format Version 12.00
# Visual Studio Version 17
VisualStudioVersion = 17.10.34928.147
MinimumVisualStudioVersion = 10.0.40219.1
Project("{9A19103F-16F7-4668-BE54-9A1E7A4F7556}") = "DigitalTwinSimulation.Core", "DigitalTwinSimulation.Core\DigitalTwinSimulation.Core.csproj", "{F828C208-FD06-433B-8A35-72337BAD4300}"
EndProject
Project("{9A19103F-16F7-4668-BE54-9A1E7A4F7556}") = "DigitalTwinSimulation.Engine", "DigitalTwinSimulation.Engine\DigitalTwinSimulation.Engine.csproj", "{C9A6170E-AA12-4B02-8DC9-CE3D2EC56BF7}"
EndProject
Project("{9A19103F-16F7-4668-BE54-9A1E7A4F7556}") = "DigitalTwinSimulation.UI", "DigitalTwinSimulation.UI\DigitalTwinSimulation.UI.csproj", "{A1DC7B93-7697-47EC-B4D8-B963A26455BC}"
EndProject
Global
	GlobalSection(SolutionConfigurationPlatforms) = preSolution
		Debug|Any CPU = Debug|Any CPU
		Release|Any CPU = Release|Any CPU
	EndGlobalSection
	GlobalSection(ProjectConfigurationPlatforms) = postSolution
		{F828C208-FD06-433B-8A35-72337BAD4300}.Debug|Any CPU.ActiveCfg = Debug|Any CPU
		{F828C208-FD06-433B-8A35-72337BAD4300}.Debug|Any CPU.Build.0 = Debug|Any CPU
		{F828C208-FD06-433B-8A35-72337BAD4300}.Release|Any CPU.ActiveCfg = Release|Any CPU
		{F828C208-FD06-433B-8A35-72337BAD4300}.Release|Any CPU.Build.0 = Release|Any CPU
		{C9A6170E-AA12-4B02-8DC9-CE3D2EC56BF7}.Debug|Any CPU.ActiveCfg = Debug|Any CPU
		{C9A6170E-AA12-4B02-8DC9-CE3D2EC56BF7}.Debug|Any CPU.Build.0 = Debug|Any CPU
		{C9A6170E-AA12-4B02-8DC9-CE3D2EC56BF7}.Release|Any CPU.ActiveCfg = Release|Any CPU
		{C9A6170E-AA12-4B02-8DC9-CE3D2EC56BF7}.Release|Any CPU.Build.0 = Release|Any CPU
		{A1DC7B93-7697-47EC-B4D8-B963A26455BC}.Debug|Any CPU.ActiveCfg = Debug|Any CPU
		{A1DC7B93-7697-47EC-B4D8-B963A26455BC}.Debug|Any CPU.Build.0 = Debug|Any CPU
		{A1DC7B93-7697-47EC-B4D8-B963A26455BC}.Release|Any CPU.ActiveCfg = Release|Any CPU
		{A1DC7B93-7697-47EC-B4D8-B963A26455BC}.Release|Any CPU.Build.0 = Release|Any CPU
	EndGlobalSection
	GlobalSection(SolutionProperties) = preSolution
		HideSolutionNode = FALSE
	EndGlobalSection
	GlobalSection(ExtensibilityGlobals) = postSolution
		SolutionGuid = {AA9C7FF4-DC30-4402-A53B-BAC30616AF36}
	EndGlobalSection
EndGlobal
